
Microsoft Visual Studio Solution File, Format Version 12.00
# Visual Studio Version 17
VisualStudioVersion = 17.14.36705.20
MinimumVisualStudioVersion = 10.0.40219.1
Project("{8BC9CEB8-8B4A-11D0-8D11-00A0C91BC942}") = "OctoShell", "OctoShell\OctoShell.vcxproj", "{A3BBC270-F37E-48E4-B7A8-72B26F2D2380}"
EndProject
Project("{8BC9CEB8-8B4A-11D0-8D11-00A0C91BC942}") = "cp", "cp\cp.vcxproj", "{805F7132-BF2E-4391-8E53-ADA5C06E03E1}"
EndProject
Project("{8BC9CEB8-8B4A-11D0-8D11-00A0C91BC942}") = "ls", "ls\ls.vcxproj", "{F776141A-3EBE-4B7C-AA3F-5EB89C837B3C}"
EndProject
Project("{8BC9CEB8-8B4A-11D0-8D11-00A0C91BC942}") = "cat", "Cat\Cat.vcxproj", "{D98D4CEC-C8F7-4B7B-80DC-171461C18B90}"
EndProject
Project("{2150E333-8FDC-42A3-9474-1A3956D46DE8}") = "Networks functions", "Networks functions", "{02EA681E-C7D8-13C7-8484-4AC65E1B71E8}"
EndProject
Project("{8BC9CEB8-8B4A-11D0-8D11-00A0C91BC942}") = "ping", "ping\ping.vcxproj", "{DDEA08C5-A39E-447C-83CF-053D06BA524C}"
EndProject
Project("{8BC9CEB8-8B4A-11D0-8D11-00A0C91BC942}") = "nslookup", "nslookup\nslookup.vcxproj", "{F612E328-9905-4580-AE18-5F54B2AA6B7B}"
EndProject
Project("{8BC9CEB8-8B4A-11D0-8D11-00A0C91BC942}") = "http", "http\http.vcxproj", "{2DCA350D-C446-4D15-BFAB-DBF7EA87800E}"
EndProject
Project("{8BC9CEB8-8B4A-11D0-8D11-00A0C91BC942}") = "CommandFuncs", "CommandFuncs\CommandFuncs.vcxproj", "{F4AE3F4A-4EA4-4A05-BD12-CF644D176527}"
EndProject
Project("{2150E333-8FDC-42A3-9474-1A3956D46DE8}") = "Functions", "Functions", "{BFE29D44-5ECC-4FDF-857C-4D7A4B1D31BF}"
EndProject
Project("{8BC9CEB8-8B4A-11D0-8D11-00A0C91BC942}") = "grep", "grep\grep.vcxproj", "{C2F8F4E7-BF15-4783-8FB0-1CD9685E3788}"
EndProject
Global
	GlobalSection(SolutionConfigurationPlatforms) = preSolution
		Debug|x64 = Debug|x64
		Debug|x86 = Debug|x86
		Release|x64 = Release|x64
		Release|x86 = Release|x86
	EndGlobalSection
	GlobalSection(ProjectConfigurationPlatforms) = postSolution
		{A3BBC270-F37E-48E4-B7A8-72B26F2D2380}.Debug|x64.ActiveCfg = Debug|x64
		{A3BBC270-F37E-48E4-B7A8-72B26F2D2380}.Debug|x64.Build.0 = Debug|x64
		{A3BBC270-F37E-48E4-B7A8-72B26F2D2380}.Debug|x86.ActiveCfg = Debug|Win32
		{A3BBC270-F37E-48E4-B7A8-72B26F2D2380}.Debug|x86.Build.0 = Debug|Win32
		{A3BBC270-F37E-48E4-B7A8-72B26F2D2380}.Release|x64.ActiveCfg = Release|x64
		{A3BBC270-F37E-48E4-B7A8-72B26F2D2380}.Release|x64.Build.0 = Release|x64
		{A3BBC270-F37E-48E4-B7A8-72B26F2D2380}.Release|x86.ActiveCfg = Release|Win32
		{A3BBC270-F37E-48E4-B7A8-72B26F2D2380}.Release|x86.Build.0 = Release|Win32
		{805F7132-BF2E-4391-8E53-ADA5C06E03E1}.Debug|x64.ActiveCfg = Debug|x64
		{805F7132-BF2E-4391-8E53-ADA5C06E03E1}.Debug|x64.Build.0 = Debug|x64
		{805F7132-BF2E-4391-8E53-ADA5C06E03E1}.Debug|x86.ActiveCfg = Debug|Win32
		{805F7132-BF2E-4391-8E53-ADA5C06E03E1}.Debug|x86.Build.0 = Debug|Win32
		{805F7132-BF2E-4391-8E53-ADA5C06E03E1}.Release|x64.ActiveCfg = Release|x64
		{805F7132-BF2E-4391-8E53-ADA5C06E03E1}.Release|x64.Build.0 = Release|x64
		{805F7132-BF2E-4391-8E53-ADA5C06E03E1}.Release|x86.ActiveCfg = Release|Win32
		{805F7132-BF2E-4391-8E53-ADA5C06E03E1}.Release|x86.Build.0 = Release|Win32
		{F776141A-3EBE-4B7C-AA3F-5EB89C837B3C}.Debug|x64.ActiveCfg = Debug|x64
		{F776141A-3EBE-4B7C-AA3F-5EB89C837B3C}.Debug|x64.Build.0 = Debug|x64
		{F776141A-3EBE-4B7C-AA3F-5EB89C837B3C}.Debug|x86.ActiveCfg = Debug|Win32
		{F776141A-3EBE-4B7C-AA3F-5EB89C837B3C}.Debug|x86.Build.0 = Debug|Win32
		{F776141A-3EBE-4B7C-AA3F-5EB89C837B3C}.Release|x64.ActiveCfg = Release|x64
		{F776141A-3EBE-4B7C-AA3F-5EB89C837B3C}.Release|x64.Build.0 = Release|x64
		{F776141A-3EBE-4B7C-AA3F-5EB89C837B3C}.Release|x86.ActiveCfg = Release|Win32
		{F776141A-3EBE-4B7C-AA3F-5EB89C837B3C}.Release|x86.Build.0 = Release|Win32
		{D98D4CEC-C8F7-4B7B-80DC-171461C18B90}.Debug|x64.ActiveCfg = Debug|x64
		{D98D4CEC-C8F7-4B7B-80DC-171461C18B90}.Debug|x64.Build.0 = Debug|x64
		{D98D4CEC-C8F7-4B7B-80DC-171461C18B90}.Debug|x86.ActiveCfg = Debug|Win32
		{D98D4CEC-C8F7-4B7B-80DC-171461C18B90}.Debug|x86.Build.0 = Debug|Win32
		{D98D4CEC-C8F7-4B7B-80DC-171461C18B90}.Release|x64.ActiveCfg = Release|x64
		{D98D4CEC-C8F7-4B7B-80DC-171461C18B90}.Release|x64.Build.0 = Release|x64
		{D98D4CEC-C8F7-4B7B-80DC-171461C18B90}.Release|x86.ActiveCfg = Release|Win32
		{D98D4CEC-C8F7-4B7B-80DC-171461C18B90}.Release|x86.Build.0 = Release|Win32
		{DDEA08C5-A39E-447C-83CF-053D06BA524C}.Debug|x64.ActiveCfg = Debug|x64
		{DDEA08C5-A39E-447C-83CF-053D06BA524C}.Debug|x64.Build.0 = Debug|x64
		{DDEA08C5-A39E-447C-83CF-053D06BA524C}.Debug|x86.ActiveCfg = Debug|Win32
		{DDEA08C5-A39E-447C-83CF-053D06BA524C}.Debug|x86.Build.0 = Debug|Win32
		{DDEA08C5-A39E-447C-83CF-053D06BA524C}.Release|x64.ActiveCfg = Release|x64
		{DDEA08C5-A39E-447C-83CF-053D06BA524C}.Release|x64.Build.0 = Release|x64
		{DDEA08C5-A39E-447C-83CF-053D06BA524C}.Release|x86.ActiveCfg = Release|Win32
		{DDEA08C5-A39E-447C-83CF-053D06BA524C}.Release|x86.Build.0 = Release|Win32
		{F612E328-9905-4580-AE18-5F54B2AA6B7B}.Debug|x64.ActiveCfg = Debug|x64
		{F612E328-9905-4580-AE18-5F54B2AA6B7B}.Debug|x64.Build.0 = Debug|x64
		{F612E328-9905-4580-AE18-5F54B2AA6B7B}.Debug|x86.ActiveCfg = Debug|Win32
		{F612E328-9905-4580-AE18-5F54B2AA6B7B}.Debug|x86.Build.0 = Debug|Win32
		{F612E328-9905-4580-AE18-5F54B2AA6B7B}.Release|x64.ActiveCfg = Release|x64
		{F612E328-9905-4580-AE18-5F54B2AA6B7B}.Release|x64.Build.0 = Release|x64
		{F612E328-9905-4580-AE18-5F54B2AA6B7B}.Release|x86.ActiveCfg = Release|Win32
		{F612E328-9905-4580-AE18-5F54B2AA6B7B}.Release|x86.Build.0 = Release|Win32
		{2DCA350D-C446-4D15-BFAB-DBF7EA87800E}.Debug|x64.ActiveCfg = Debug|x64
		{2DCA350D-C446-4D15-BFAB-DBF7EA87800E}.Debug|x64.Build.0 = Debug|x64
		{2DCA350D-C446-4D15-BFAB-DBF7EA87800E}.Debug|x86.ActiveCfg = Debug|Win32
		{2DCA350D-C446-4D15-BFAB-DBF7EA87800E}.Debug|x86.Build.0 = Debug|Win32
		{2DCA350D-C446-4D15-BFAB-DBF7EA87800E}.Release|x64.ActiveCfg = Release|x64
		{2DCA350D-C446-4D15-BFAB-DBF7EA87800E}.Release|x64.Build.0 = Release|x64
		{2DCA350D-C446-4D15-BFAB-DBF7EA87800E}.Release|x86.ActiveCfg = Release|Win32
		{2DCA350D-C446-4D15-BFAB-DBF7EA87800E}.Release|x86.Build.0 = Release|Win32
		{F4AE3F4A-4EA4-4A05-BD12-CF644D176527}.Debug|x64.ActiveCfg = Debug|x64
		{F4AE3F4A-4EA4-4A05-BD12-CF644D176527}.Debug|x64.Build.0 = Debug|x64
		{F4AE3F4A-4EA4-4A05-BD12-CF644D176527}.Debug|x86.ActiveCfg = Debug|Win32
		{F4AE3F4A-4EA4-4A05-BD12-CF644D176527}.Debug|x86.Build.0 = Debug|Win32
		{F4AE3F4A-4EA4-4A05-BD12-CF644D176527}.Release|x64.ActiveCfg = Release|x64
		{F4AE3F4A-4EA4-4A05-BD12-CF644D176527}.Release|x64.Build.0 = Release|x64
		{F4AE3F4A-4EA4-4A05-BD12-CF644D176527}.Release|x86.ActiveCfg = Release|Win32
		{F4AE3F4A-4EA4-4A05-BD12-CF644D176527}.Release|x86.Build.0 = Release|Win32
		{C2F8F4E7-BF15-4783-8FB0-1CD9685E3788}.Debug|x64.ActiveCfg = Debug|x64
		{C2F8F4E7-BF15-4783-8FB0-1CD9685E3788}.Debug|x64.Build.0 = Debug|x64
		{C2F8F4E7-BF15-4783-8FB0-1CD9685E3788}.Debug|x86.ActiveCfg = Debug|Win32
		{C2F8F4E7-BF15-4783-8FB0-1CD9685E3788}.Debug|x86.Build.0 = Debug|Win32
		{C2F8F4E7-BF15-4783-8FB0-1CD9685E3788}.Release|x64.ActiveCfg = Release|x64
		{C2F8F4E7-BF15-4783-8FB0-1CD9685E3788}.Release|x64.Build.0 = Release|x64
		{C2F8F4E7-BF15-4783-8FB0-1CD9685E3788}.Release|x86.ActiveCfg = Release|Win32
		{C2F8F4E7-BF15-4783-8FB0-1CD9685E3788}.Release|x86.Build.0 = Release|Win32
	EndGlobalSection
	GlobalSection(SolutionProperties) = preSolution
		HideSolutionNode = FALSE
	EndGlobalSection
	GlobalSection(NestedProjects) = preSolution
		{DDEA08C5-A39E-447C-83CF-053D06BA524C} = {02EA681E-C7D8-13C7-8484-4AC65E1B71E8}
		{F612E328-9905-4580-AE18-5F54B2AA6B7B} = {02EA681E-C7D8-13C7-8484-4AC65E1B71E8}
		{2DCA350D-C446-4D15-BFAB-DBF7EA87800E} = {02EA681E-C7D8-13C7-8484-4AC65E1B71E8}
		{C2F8F4E7-BF15-4783-8FB0-1CD9685E3788} = {BFE29D44-5ECC-4FDF-857C-4D7A4B1D31BF}
	EndGlobalSection
	GlobalSection(ExtensibilityGlobals) = postSolution
		SolutionGuid = {B351756E-BB6B-432D-BC74-3D80B69747E7}
	EndGlobalSection
EndGlobal
